
Microsoft Visual Studio Solution File, Format Version 12.00
# Visual Studio Version 17
VisualStudioVersion = 17.13.35806.99
MinimumVisualStudioVersion = 10.0.40219.1
Project("{FAE04EC0-301F-11D3-BF4B-00C04F79EFBC}") = "Products.DAL", "Products.DAL\Products.DAL.csproj", "{B14304B2-F63B-4DA0-B08F-AD3777CAB67D}"
EndProject
Project("{FAE04EC0-301F-11D3-BF4B-00C04F79EFBC}") = "Product.BL", "Product.BL\Product.BL.csproj", "{4B7C6F0D-2F08-49EA-8395-7D335061C082}"
EndProject
Project("{FAE04EC0-301F-11D3-BF4B-00C04F79EFBC}") = "Products.API", "Products.API\Products.API.csproj", "{44CF2C80-F441-47F5-912F-C97953BC3EB4}"
EndProject
Global
	GlobalSection(SolutionConfigurationPlatforms) = preSolution
		Debug|Any CPU = Debug|Any CPU
		Release|Any CPU = Release|Any CPU
	EndGlobalSection
	GlobalSection(ProjectConfigurationPlatforms) = postSolution
		{B14304B2-F63B-4DA0-B08F-AD3777CAB67D}.Debug|Any CPU.ActiveCfg = Debug|Any CPU
		{B14304B2-F63B-4DA0-B08F-AD3777CAB67D}.Debug|Any CPU.Build.0 = Debug|Any CPU
		{B14304B2-F63B-4DA0-B08F-AD3777CAB67D}.Release|Any CPU.ActiveCfg = Release|Any CPU
		{B14304B2-F63B-4DA0-B08F-AD3777CAB67D}.Release|Any CPU.Build.0 = Release|Any CPU
		{4B7C6F0D-2F08-49EA-8395-7D335061C082}.Debug|Any CPU.ActiveCfg = Debug|Any CPU
		{4B7C6F0D-2F08-49EA-8395-7D335061C082}.Debug|Any CPU.Build.0 = Debug|Any CPU
		{4B7C6F0D-2F08-49EA-8395-7D335061C082}.Release|Any CPU.ActiveCfg = Release|Any CPU
		{4B7C6F0D-2F08-49EA-8395-7D335061C082}.Release|Any CPU.Build.0 = Release|Any CPU
		{44CF2C80-F441-47F5-912F-C97953BC3EB4}.Debug|Any CPU.ActiveCfg = Debug|Any CPU
		{44CF2C80-F441-47F5-912F-C97953BC3EB4}.Debug|Any CPU.Build.0 = Debug|Any CPU
		{44CF2C80-F441-47F5-912F-C97953BC3EB4}.Release|Any CPU.ActiveCfg = Release|Any CPU
		{44CF2C80-F441-47F5-912F-C97953BC3EB4}.Release|Any CPU.Build.0 = Release|Any CPU
	EndGlobalSection
	GlobalSection(SolutionProperties) = preSolution
		HideSolutionNode = FALSE
	EndGlobalSection
	GlobalSection(ExtensibilityGlobals) = postSolution
		SolutionGuid = {20530289-C9C9-4B58-9860-AC1149E87D3F}
	EndGlobalSection
EndGlobal
